
Microsoft Visual Studio Solution File, Format Version 12.00
# Visual Studio 15
VisualStudioVersion = 15.0.28307.489
MinimumVisualStudioVersion = 10.0.40219.1
Project("{FAE04EC0-301F-11D3-BF4B-00C04F79EFBC}") = "OTMS", "OTMS\OTMS.csproj", "{B33987F2-5B1F-45FA-8DDC-BAC3F25548AB}"
EndProject
Project("{FAE04EC0-301F-11D3-BF4B-00C04F79EFBC}") = "OTMS_Trip", "OTMS_Trip\OTMS_Trip.csproj", "{2752E102-CA6E-45A9-AED1-3A615E55CA79}"
EndProject
Global
	GlobalSection(SolutionConfigurationPlatforms) = preSolution
		Debug|Any CPU = Debug|Any CPU
		Release|Any CPU = Release|Any CPU
	EndGlobalSection
	GlobalSection(ProjectConfigurationPlatforms) = postSolution
		{B33987F2-5B1F-45FA-8DDC-BAC3F25548AB}.Debug|Any CPU.ActiveCfg = Debug|Any CPU
		{B33987F2-5B1F-45FA-8DDC-BAC3F25548AB}.Debug|Any CPU.Build.0 = Debug|Any CPU
		{B33987F2-5B1F-45FA-8DDC-BAC3F25548AB}.Release|Any CPU.ActiveCfg = Release|Any CPU
		{B33987F2-5B1F-45FA-8DDC-BAC3F25548AB}.Release|Any CPU.Build.0 = Release|Any CPU
		{2752E102-CA6E-45A9-AED1-3A615E55CA79}.Debug|Any CPU.ActiveCfg = Debug|Any CPU
		{2752E102-CA6E-45A9-AED1-3A615E55CA79}.Debug|Any CPU.Build.0 = Debug|Any CPU
		{2752E102-CA6E-45A9-AED1-3A615E55CA79}.Release|Any CPU.ActiveCfg = Release|Any CPU
		{2752E102-CA6E-45A9-AED1-3A615E55CA79}.Release|Any CPU.Build.0 = Release|Any CPU
	EndGlobalSection
	GlobalSection(SolutionProperties) = preSolution
		HideSolutionNode = FALSE
	EndGlobalSection
	GlobalSection(ExtensibilityGlobals) = postSolution
		SolutionGuid = {63853A8A-F38F-474F-85EF-FF0439A73341}
	EndGlobalSection
EndGlobal
